hash: 867731c15ddd18705e8e5b4e62a19c3861c88512f3d2240b913992906b10e603
updated: 2016-07-27T12:15:50.242581492-04:00
imports:
- name: github.com/google/shlex
  version: 6f45313302b9c56850fc17f99e40caebce98c716
- name: github.com/hashicorp/vault
  version: d2d0aa07d079836c9a5bd258479b019ca00eb6b8
  subpackages:
  - shamir
- name: github.com/inconshreveable/mousetrap
  version: 76626ae9c91c4f2a10f34cad8ce83ea42c93bb75
- name: github.com/spf13/cobra
  version: f62e98d28ab7ad31d707ba837a966378465c7b57
- name: github.com/spf13/pflag
  version: 1560c1005499d61b80f865c04d39ca7505bf7f0b
- name: golang.org/x/crypto
  version: bc89c496413265e715159bdc8478ee9a92fdc265
  subpackages:
  - nacl/secretbox
  - poly1305
  - salsa20/salsa
- name: gopkg.in/readline.v1
  version: 62c6fe6193755f722b8b8788aa7357be55a50ff1
testImports: []
